
Microsoft Visual Studio Solution File, Format Version 12.00
Project("{FAE04EC0-301F-11D3-BF4B-00C04F79EFBC}") = "FarmWebApp", "FarmWebApp\FarmWebApp.csproj", "{F69D3C91-8C9D-4C2A-A79E-45B91B11EAB8}"
EndProject
Project("{FAE04EC0-301F-11D3-BF4B-00C04F79EFBC}") = "FarmWebApp.Data", "FarmWebApp.Data\FarmWebApp.Data.csproj", "{B9C58947-BD79-46CF-A266-E92864C3107D}"
EndProject
Project("{FAE04EC0-301F-11D3-BF4B-00C04F79EFBC}") = "FarmWebApp.Exceptions", "FarmWebApp.Exceptions\FarmWebApp.Exceptions.csproj", "{F1A5FFAB-9082-4256-9342-1B1C87EFE2AF}"
EndProject
Global
	GlobalSection(SolutionConfigurationPlatforms) = preSolution
		Debug|Any CPU = Debug|Any CPU
		Release|Any CPU = Release|Any CPU
	EndGlobalSection
	GlobalSection(ProjectConfigurationPlatforms) = postSolution
		{F69D3C91-8C9D-4C2A-A79E-45B91B11EAB8}.Debug|Any CPU.ActiveCfg = Debug|Any CPU
		{F69D3C91-8C9D-4C2A-A79E-45B91B11EAB8}.Debug|Any CPU.Build.0 = Debug|Any CPU
		{F69D3C91-8C9D-4C2A-A79E-45B91B11EAB8}.Release|Any CPU.ActiveCfg = Release|Any CPU
		{F69D3C91-8C9D-4C2A-A79E-45B91B11EAB8}.Release|Any CPU.Build.0 = Release|Any CPU
		{B9C58947-BD79-46CF-A266-E92864C3107D}.Debug|Any CPU.ActiveCfg = Debug|Any CPU
		{B9C58947-BD79-46CF-A266-E92864C3107D}.Debug|Any CPU.Build.0 = Debug|Any CPU
		{B9C58947-BD79-46CF-A266-E92864C3107D}.Release|Any CPU.ActiveCfg = Release|Any CPU
		{B9C58947-BD79-46CF-A266-E92864C3107D}.Release|Any CPU.Build.0 = Release|Any CPU
		{F1A5FFAB-9082-4256-9342-1B1C87EFE2AF}.Debug|Any CPU.ActiveCfg = Debug|Any CPU
		{F1A5FFAB-9082-4256-9342-1B1C87EFE2AF}.Debug|Any CPU.Build.0 = Debug|Any CPU
		{F1A5FFAB-9082-4256-9342-1B1C87EFE2AF}.Release|Any CPU.ActiveCfg = Release|Any CPU
		{F1A5FFAB-9082-4256-9342-1B1C87EFE2AF}.Release|Any CPU.Build.0 = Release|Any CPU
	EndGlobalSection
EndGlobal
